github.com/olbrichattila/edatutorial v0.0.2 h1:XQZjAP3GBEANkbKA4KFX9vUoIUcxs/zT2uhSKU7tqUI=
github.com/olbrichattila/edatutorial v0.0.2/go.mod h1:qHRXfhUTIqkFghsLQUulJ8oxZjh6l0eKE8zdXu+DbI8=
github.com/olbrichattila/edatutorial v0.0.3 h1:tKkTjfJS4Jr4aL5VtnOuAH91CKx0uC55GUcf6tI8MRU=
github.com/olbrichattila/edatutorial v0.0.3/go.mod h1:qHRXfhUTIqkFghsLQUulJ8oxZjh6l0eKE8zdXu+DbI8=
github.com/olbrichattila/edatutorial v0.0.4 h1:QM5+c/hkH1oNoJnBRBXTNcBYEQVYl/nYraGph/rH/5Q=
github.com/olbrichattila/edatutorial v0.0.4/go.mod h1:qHRXfhUTIqkFghsLQUulJ8oxZjh6l0eKE8zdXu+DbI8=
